
Microsoft Visual Studio Solution File, Format Version 12.00
# Visual Studio Version 17
VisualStudioVersion = 17.13.35931.197 d17.13
MinimumVisualStudioVersion = 10.0.40219.1
Project("{FAE04EC0-301F-11D3-BF4B-00C04F79EFBC}") = "24HCodeChallenge.API", "24HCodeChallenge.API\24HCodeChallenge.API.csproj", "{C477D2B3-1E82-4ABA-BF39-F2F0DE2197DA}"
EndProject
Global
	GlobalSection(SolutionConfigurationPlatforms) = preSolution
		Debug|Any CPU = Debug|Any CPU
		Release|Any CPU = Release|Any CPU
	EndGlobalSection
	GlobalSection(ProjectConfigurationPlatforms) = postSolution
		{C477D2B3-1E82-4ABA-BF39-F2F0DE2197DA}.Debug|Any CPU.ActiveCfg = Debug|Any CPU
		{C477D2B3-1E82-4ABA-BF39-F2F0DE2197DA}.Debug|Any CPU.Build.0 = Debug|Any CPU
		{C477D2B3-1E82-4ABA-BF39-F2F0DE2197DA}.Release|Any CPU.ActiveCfg = Release|Any CPU
		{C477D2B3-1E82-4ABA-BF39-F2F0DE2197DA}.Release|Any CPU.Build.0 = Release|Any CPU
	EndGlobalSection
	GlobalSection(SolutionProperties) = preSolution
		HideSolutionNode = FALSE
	EndGlobalSection
	GlobalSection(ExtensibilityGlobals) = postSolution
		SolutionGuid = {E1EA78E7-3A31-4162-8155-72DF5F1026DB}
	EndGlobalSection
EndGlobal
